{
  "version": 4,
  "terraform_version": "0.14.6",
  "serial": 3,
  "lineage": "3c3990e2-70b7-062d-1448-ff7371a280ed",
  "outputs": {},
  "resources": [
    {
      "module": "module.atlas_cluster",
      "mode": "managed",
      "type": "mongodbatlas_cluster",
      "name": "cluster",
      "provider": "provider[\"registry.terraform.io/mongodb/mongodbatlas\"]",
      "instances": [
        {
          "schema_version": 1,
          "attributes": {
            "advanced_configuration": [
              {
                "fail_index_key_too_long": false,
                "javascript_enabled": true,
                "minimum_enabled_tls_protocol": "TLS1_2",
                "no_table_scan": false,
                "oplog_size_mb": 0,
                "sample_refresh_interval_bi_connector": 0,
                "sample_size_bi_connector": 0
              }
            ],
            "auto_scaling_compute_enabled": false,
            "auto_scaling_compute_scale_down_enabled": false,
            "auto_scaling_disk_gb_enabled": false,
            "backing_provider_name": "AWS",
            "backup_enabled": false,
            "bi_connector": {
              "enabled": "false",
              "read_preference": "secondary"
            },
            "cluster_id": "5fa20e1876cab135acb670b9",
            "cluster_type": "REPLICASET",
            "connection_strings": [
              {
                "aws_private_link": {},
                "aws_private_link_srv": {},
                "private": "",
                "private_endpoint": [],
                "private_srv": "",
                "standard": "mongodb://userauthmongoclusterdev-shard-00-00.yohvj.mongodb.net:27017,userauthmongoclusterdev-shard-00-01.yohvj.mongodb.net:27017,userauthmongoclusterdev-shard-00-02.yohvj.mongodb.net:27017/?ssl=true\u0026authSource=admin\u0026replicaSet=atlas-wzssp5-shard-0",
                "standard_srv": "mongodb+srv://userauthmongoclusterdev.yohvj.mongodb.net"
              }
            ],
            "container_id": null,
            "disk_size_gb": 0.5,
            "encryption_at_rest_provider": "NONE",
            "id": "Y2x1c3Rlcl9pZA==:NWZhMjBlMTg3NmNhYjEzNWFjYjY3MGI5-Y2x1c3Rlcl9uYW1l:VXNlckF1dGhNb25nb0NsdXN0ZXJEZXY=-cHJvamVjdF9pZA==:NWZhMjBkYTM4NTlkM2QzMjhhYTMzYzA0-cHJvdmlkZXJfbmFtZQ==:VEVOQU5U",
            "labels": [],
            "mongo_db_major_version": "4.4",
            "mongo_db_version": "4.4.3",
            "mongo_uri": "mongodb://userauthmongoclusterdev-shard-00-00.yohvj.mongodb.net:27017,userauthmongoclusterdev-shard-00-01.yohvj.mongodb.net:27017,userauthmongoclusterdev-shard-00-02.yohvj.mongodb.net:27017",
            "mongo_uri_updated": "2020-11-04T02:15:32Z",
            "mongo_uri_with_options": "mongodb://userauthmongoclusterdev-shard-00-00.yohvj.mongodb.net:27017,userauthmongoclusterdev-shard-00-01.yohvj.mongodb.net:27017,userauthmongoclusterdev-shard-00-02.yohvj.mongodb.net:27017/?ssl=true\u0026authSource=admin\u0026replicaSet=atlas-wzssp5-shard-0",
            "name": "UserAuthMongoClusterDev",
            "num_shards": 1,
            "paused": false,
            "pit_enabled": false,
            "project_id": "5fa20da3859d3d328aa33c04",
            "provider_auto_scaling_compute_max_instance_size": "",
            "provider_auto_scaling_compute_min_instance_size": "",
            "provider_backup_enabled": false,
            "provider_disk_iops": null,
            "provider_disk_type_name": "",
            "provider_encrypt_ebs_volume": null,
            "provider_instance_size_name": "M0",
            "provider_name": "TENANT",
            "provider_region_name": "US_EAST_1",
            "provider_volume_type": "",
            "replication_factor": 3,
            "replication_specs": [
              {
                "id": "5fa20dda25f34b64bf225dd9",
                "num_shards": 1,
                "regions_config": [
                  {
                    "analytics_nodes": 0,
                    "electable_nodes": 3,
                    "priority": 7,
                    "read_only_nodes": 0,
                    "region_name": "US_EAST_1"
                  }
                ],
                "zone_name": "Zone 1"
              }
            ],
            "snapshot_backup_policy": [],
            "srv_address": "mongodb+srv://userauthmongoclusterdev.yohvj.mongodb.net",
            "state_name": "IDLE"
          },
          "sensitive_attributes": [],
          "private": "eyJzY2hlbWFfdmVyc2lvbiI6IjEifQ=="
        }
      ]
    },
    {
      "module": "module.atlas_cluster",
      "mode": "managed",
      "type": "mongodbatlas_project",
      "name": "project",
      "provider": "provider[\"registry.terraform.io/mongodb/mongodbatlas\"]",
      "instances": [
        {
          "schema_version": 0,
          "attributes": {
            "cluster_count": 1,
            "created": "2020-11-04T02:10:59Z",
            "id": "5fa20da3859d3d328aa33c04",
            "name": "User Auth Dev",
            "org_id": "5fa20da3859d3d328aa33bfd",
            "teams": []
          },
          "sensitive_attributes": [],
          "private": "eyJzY2hlbWFfdmVyc2lvbiI6IjAifQ=="
        }
      ]
    },
    {
      "module": "module.atlas_cluster",
      "mode": "managed",
      "type": "mongodbatlas_project_ip_whitelist",
      "name": "whitelists",
      "provider": "provider[\"registry.terraform.io/mongodb/mongodbatlas\"]",
      "instances": [
        {
          "schema_version": 0,
          "attributes": {
            "aws_security_group": "",
            "cidr_block": "0.0.0.0/0",
            "comment": "",
            "id": "ZW50cnk=:MC4wLjAuMC8w-cHJvamVjdF9pZA==:NWZhMjBkYTM4NTlkM2QzMjhhYTMzYzA0",
            "ip_address": "",
            "project_id": "5fa20da3859d3d328aa33c04",
            "timeouts": {
              "delete": null,
              "read": null
            }
          },
          "sensitive_attributes": [],
          "private": "eyJlMmJmYjczMC1lY2FhLTExZTYtOGY4OC0zNDM2M2JjN2M0YzAiOnsiZGVsZXRlIjoyNzAwMDAwMDAwMDAwLCJyZWFkIjoyNzAwMDAwMDAwMDAwfSwic2NoZW1hX3ZlcnNpb24iOiIwIn0="
        }
      ]
    }
  ]
}
