{
  "version": 4,
  "terraform_version": "0.14.6",
  "serial": 2,
  "lineage": "3c3990e2-70b7-062d-1448-ff7371a280ed",
  "outputs": {},
  "resources": [
    {
      "module": "module.atlas_cluster",
      "mode": "managed",
      "type": "mongodbatlas_project",
      "name": "project",
      "provider": "provider[\"registry.terraform.io/mongodb/mongodbatlas\"]",
      "instances": [
        {
          "schema_version": 0,
          "attributes": {
            "cluster_count": 1,
            "created": "2020-11-04T02:10:59Z",
            "id": "5fa20da3859d3d328aa33c04",
            "name": "User Auth Dev",
            "org_id": "5fa20da3859d3d328aa33bfd",
            "teams": []
          },
          "sensitive_attributes": [],
          "private": "eyJzY2hlbWFfdmVyc2lvbiI6IjAifQ=="
        }
      ]
    },
    {
      "module": "module.atlas_cluster",
      "mode": "managed",
      "type": "mongodbatlas_project_ip_whitelist",
      "name": "whitelists",
      "provider": "provider[\"registry.terraform.io/mongodb/mongodbatlas\"]",
      "instances": [
        {
          "schema_version": 0,
          "attributes": {
            "aws_security_group": "",
            "cidr_block": "0.0.0.0/0",
            "comment": "",
            "id": "ZW50cnk=:MC4wLjAuMC8w-cHJvamVjdF9pZA==:NWZhMjBkYTM4NTlkM2QzMjhhYTMzYzA0",
            "ip_address": "",
            "project_id": "5fa20da3859d3d328aa33c04",
            "timeouts": {
              "delete": null,
              "read": null
            }
          },
          "sensitive_attributes": [],
          "private": "eyJlMmJmYjczMC1lY2FhLTExZTYtOGY4OC0zNDM2M2JjN2M0YzAiOnsiZGVsZXRlIjoyNzAwMDAwMDAwMDAwLCJyZWFkIjoyNzAwMDAwMDAwMDAwfSwic2NoZW1hX3ZlcnNpb24iOiIwIn0="
        }
      ]
    }
  ]
}
